
Microsoft Visual Studio Solution File, Format Version 12.00
# Visual Studio Version 16
VisualStudioVersion = 16.0.29102.190
MinimumVisualStudioVersion = 10.0.40219.1
Project("{FAE04EC0-301F-11D3-BF4B-00C04F79EFBC}") = "RetailWebService", "RetailWebService\RetailWebService.csproj", "{DEEC0A08-6454-429C-B661-74B891F11989}"
EndProject
Project("{FAE04EC0-301F-11D3-BF4B-00C04F79EFBC}") = "RetailWebService_Host", "RetailWebService_Host\RetailWebService_Host.csproj", "{254B693F-3287-4FB5-81DC-552DA197E505}"
	ProjectSection(ProjectDependencies) = postProject
		{DEEC0A08-6454-429C-B661-74B891F11989} = {DEEC0A08-6454-429C-B661-74B891F11989}
	EndProjectSection
EndProject
Global
	GlobalSection(SolutionConfigurationPlatforms) = preSolution
		Debug|Any CPU = Debug|Any CPU
		Release|Any CPU = Release|Any CPU
	EndGlobalSection
	GlobalSection(ProjectConfigurationPlatforms) = postSolution
		{DEEC0A08-6454-429C-B661-74B891F11989}.Debug|Any CPU.ActiveCfg = Debug|Any CPU
		{DEEC0A08-6454-429C-B661-74B891F11989}.Debug|Any CPU.Build.0 = Debug|Any CPU
		{DEEC0A08-6454-429C-B661-74B891F11989}.Release|Any CPU.ActiveCfg = Release|Any CPU
		{DEEC0A08-6454-429C-B661-74B891F11989}.Release|Any CPU.Build.0 = Release|Any CPU
		{254B693F-3287-4FB5-81DC-552DA197E505}.Debug|Any CPU.ActiveCfg = Debug|Any CPU
		{254B693F-3287-4FB5-81DC-552DA197E505}.Debug|Any CPU.Build.0 = Debug|Any CPU
		{254B693F-3287-4FB5-81DC-552DA197E505}.Release|Any CPU.ActiveCfg = Release|Any CPU
		{254B693F-3287-4FB5-81DC-552DA197E505}.Release|Any CPU.Build.0 = Release|Any CPU
	EndGlobalSection
	GlobalSection(SolutionProperties) = preSolution
		HideSolutionNode = FALSE
	EndGlobalSection
	GlobalSection(ExtensibilityGlobals) = postSolution
		SolutionGuid = {76237531-FE4D-4031-B09B-D4F261BE334F}
	EndGlobalSection
EndGlobal
